
Microsoft Visual Studio Solution File, Format Version 12.00
# Visual Studio Version 17
VisualStudioVersion = 17.6.33829.357
MinimumVisualStudioVersion = 10.0.40219.1
Project("{FAE04EC0-301F-11D3-BF4B-00C04F79EFBC}") = "WSD_Blazor", "WSD_Blazor\WSD_Blazor.csproj", "{089FF5DE-BFB3-4FC4-8401-A28A5C3201FD}"
EndProject
Global
	GlobalSection(SolutionConfigurationPlatforms) = preSolution
		Debug|Any CPU = Debug|Any CPU
		Release|Any CPU = Release|Any CPU
	EndGlobalSection
	GlobalSection(ProjectConfigurationPlatforms) = postSolution
		{089FF5DE-BFB3-4FC4-8401-A28A5C3201FD}.Debug|Any CPU.ActiveCfg = Debug|Any CPU
		{089FF5DE-BFB3-4FC4-8401-A28A5C3201FD}.Debug|Any CPU.Build.0 = Debug|Any CPU
		{089FF5DE-BFB3-4FC4-8401-A28A5C3201FD}.Release|Any CPU.ActiveCfg = Release|Any CPU
		{089FF5DE-BFB3-4FC4-8401-A28A5C3201FD}.Release|Any CPU.Build.0 = Release|Any CPU
	EndGlobalSection
	GlobalSection(SolutionProperties) = preSolution
		HideSolutionNode = FALSE
	EndGlobalSection
	GlobalSection(ExtensibilityGlobals) = postSolution
		SolutionGuid = {8C5005CB-6E15-42F8-A2A7-C1CB5E2E64E9}
	EndGlobalSection
EndGlobal
